// !$*UTF8*$!
{
	archiveVersion = 1;
	classes = {
	};
	objectVersion = 46;
	objects = {

/* Begin PBXBuildFile section */
		0E8499861D1B1DB10027A80B /* mcobject.c in Sources */ = {isa = PBXBuildFile; fileRef = 0E8499841D1B1DB10027A80B /* mcobject.c */; };
		0E8499871D1B1DB10027A80B /* mcobject.h in Headers */ = {isa = PBXBuildFile; fileRef = 0E8499851D1B1DB10027A80B /* mcobject.h */; };
		0E84998F1D1B1DDB0027A80B /* callback.h in Headers */ = {isa = PBXBuildFile; fileRef = 0E8499881D1B1DDB0027A80B /* callback.h */; };
		0E8499901D1B1DDB0027A80B /* data_process.c in Sources */ = {isa = PBXBuildFile; fileRef = 0E8499891D1B1DDB0027A80B /* data_process.c */; };
		0E8499911D1B1DDB0027A80B /* stream.h in Headers */ = {isa = PBXBuildFile; fileRef = 0E84998A1D1B1DDB0027A80B /* stream.h */; };
		0E8499921D1B1DDB0027A80B /* stream.c in Sources */ = {isa = PBXBuildFile; fileRef = 0E84998B1D1B1DDB0027A80B /* stream.c */; };
		0E8499931D1B1DDB0027A80B /* callback.c in Sources */ = {isa = PBXBuildFile; fileRef = 0E84998C1D1B1DDB0027A80B /* callback.c */; };
		0E8499941D1B1DDB0027A80B /* charef_resource.h in Headers */ = {isa = PBXBuildFile; fileRef = 0E84998D1D1B1DDB0027A80B /* charef_resource.h */; };
		0E8499951D1B1DDB0027A80B /* data_process.h in Headers */ = {isa = PBXBuildFile; fileRef = 0E84998E1D1B1DDB0027A80B /* data_process.h */; };
		0EBD22A41CE3D65300F1CA9C /* api_encoding.h in Headers */ = {isa = PBXBuildFile; fileRef = 0EBD226D1CE3D65300F1CA9C /* api_encoding.h */; };
		0EBD22A51CE3D65300F1CA9C /* api.h in Headers */ = {isa = PBXBuildFile; fileRef = 0EBD226E1CE3D65300F1CA9C /* api.h */; };
		0EBD22A61CE3D65300F1CA9C /* charef.c in Sources */ = {isa = PBXBuildFile; fileRef = 0EBD226F1CE3D65300F1CA9C /* charef.c */; };
		0EBD22A71CE3D65300F1CA9C /* charef.h in Headers */ = {isa = PBXBuildFile; fileRef = 0EBD22701CE3D65300F1CA9C /* charef.h */; };
		0EBD22A81CE3D65300F1CA9C /* def.h in Headers */ = {isa = PBXBuildFile; fileRef = 0EBD22711CE3D65300F1CA9C /* def.h */; };
		0EBD22A91CE3D65300F1CA9C /* encoding_detect_resource.h in Headers */ = {isa = PBXBuildFile; fileRef = 0EBD22721CE3D65300F1CA9C /* encoding_detect_resource.h */; };
		0EBD22AA1CE3D65300F1CA9C /* encoding_detect.c in Sources */ = {isa = PBXBuildFile; fileRef = 0EBD22731CE3D65300F1CA9C /* encoding_detect.c */; };
		0EBD22AB1CE3D65300F1CA9C /* encoding_resource.h in Headers */ = {isa = PBXBuildFile; fileRef = 0EBD22741CE3D65300F1CA9C /* encoding_resource.h */; };
		0EBD22AC1CE3D65300F1CA9C /* encoding.c in Sources */ = {isa = PBXBuildFile; fileRef = 0EBD22751CE3D65300F1CA9C /* encoding.c */; };
		0EBD22AD1CE3D65300F1CA9C /* encoding.h in Headers */ = {isa = PBXBuildFile; fileRef = 0EBD22761CE3D65300F1CA9C /* encoding.h */; };
		0EBD22AE1CE3D65300F1CA9C /* incoming.c in Sources */ = {isa = PBXBuildFile; fileRef = 0EBD22771CE3D65300F1CA9C /* incoming.c */; };
		0EBD22AF1CE3D65300F1CA9C /* incoming.h in Headers */ = {isa = PBXBuildFile; fileRef = 0EBD22781CE3D65300F1CA9C /* incoming.h */; };
		0EBD22B01CE3D65300F1CA9C /* myhtml.c in Sources */ = {isa = PBXBuildFile; fileRef = 0EBD22791CE3D65300F1CA9C /* myhtml.c */; };
		0EBD22B11CE3D65300F1CA9C /* myhtml.h in Headers */ = {isa = PBXBuildFile; fileRef = 0EBD227A1CE3D65300F1CA9C /* myhtml.h */; };
		0EBD22B21CE3D65300F1CA9C /* myosi.c in Sources */ = {isa = PBXBuildFile; fileRef = 0EBD227B1CE3D65300F1CA9C /* myosi.c */; };
		0EBD22B31CE3D65300F1CA9C /* myosi.h in Headers */ = {isa = PBXBuildFile; fileRef = 0EBD227C1CE3D65300F1CA9C /* myosi.h */; };
		0EBD22B41CE3D65300F1CA9C /* mystring.c in Sources */ = {isa = PBXBuildFile; fileRef = 0EBD227D1CE3D65300F1CA9C /* mystring.c */; };
		0EBD22B51CE3D65300F1CA9C /* mystring.h in Headers */ = {isa = PBXBuildFile; fileRef = 0EBD227E1CE3D65300F1CA9C /* mystring.h */; };
		0EBD22B61CE3D65300F1CA9C /* parser.c in Sources */ = {isa = PBXBuildFile; fileRef = 0EBD227F1CE3D65300F1CA9C /* parser.c */; };
		0EBD22B71CE3D65300F1CA9C /* parser.h in Headers */ = {isa = PBXBuildFile; fileRef = 0EBD22801CE3D65300F1CA9C /* parser.h */; };
		0EBD22B81CE3D65300F1CA9C /* perf.c in Sources */ = {isa = PBXBuildFile; fileRef = 0EBD22811CE3D65300F1CA9C /* perf.c */; };
		0EBD22B91CE3D65300F1CA9C /* rules.c in Sources */ = {isa = PBXBuildFile; fileRef = 0EBD22821CE3D65300F1CA9C /* rules.c */; };
		0EBD22BA1CE3D65300F1CA9C /* rules.h in Headers */ = {isa = PBXBuildFile; fileRef = 0EBD22831CE3D65300F1CA9C /* rules.h */; };
		0EBD22BB1CE3D65300F1CA9C /* tag_const.h in Headers */ = {isa = PBXBuildFile; fileRef = 0EBD22841CE3D65300F1CA9C /* tag_const.h */; };
		0EBD22BC1CE3D65300F1CA9C /* tag_init.c in Sources */ = {isa = PBXBuildFile; fileRef = 0EBD22851CE3D65300F1CA9C /* tag_init.c */; };
		0EBD22BD1CE3D65300F1CA9C /* tag.c in Sources */ = {isa = PBXBuildFile; fileRef = 0EBD22861CE3D65300F1CA9C /* tag.c */; };
		0EBD22BE1CE3D65300F1CA9C /* tag.h in Headers */ = {isa = PBXBuildFile; fileRef = 0EBD22871CE3D65300F1CA9C /* tag.h */; };
		0EBD22BF1CE3D65300F1CA9C /* thread.c in Sources */ = {isa = PBXBuildFile; fileRef = 0EBD22881CE3D65300F1CA9C /* thread.c */; };
		0EBD22C01CE3D65300F1CA9C /* thread.h in Headers */ = {isa = PBXBuildFile; fileRef = 0EBD22891CE3D65300F1CA9C /* thread.h */; };
		0EBD22C11CE3D65300F1CA9C /* token.c in Sources */ = {isa = PBXBuildFile; fileRef = 0EBD228A1CE3D65300F1CA9C /* token.c */; };
		0EBD22C21CE3D65300F1CA9C /* token.h in Headers */ = {isa = PBXBuildFile; fileRef = 0EBD228B1CE3D65300F1CA9C /* token.h */; };
		0EBD22C31CE3D65300F1CA9C /* tokenizer_doctype.c in Sources */ = {isa = PBXBuildFile; fileRef = 0EBD228C1CE3D65300F1CA9C /* tokenizer_doctype.c */; };
		0EBD22C41CE3D65300F1CA9C /* tokenizer_doctype.h in Headers */ = {isa = PBXBuildFile; fileRef = 0EBD228D1CE3D65300F1CA9C /* tokenizer_doctype.h */; };
		0EBD22C51CE3D65300F1CA9C /* tokenizer_end.c in Sources */ = {isa = PBXBuildFile; fileRef = 0EBD228E1CE3D65300F1CA9C /* tokenizer_end.c */; };
		0EBD22C61CE3D65300F1CA9C /* tokenizer_end.h in Headers */ = {isa = PBXBuildFile; fileRef = 0EBD228F1CE3D65300F1CA9C /* tokenizer_end.h */; };
		0EBD22C71CE3D65300F1CA9C /* tokenizer_script.c in Sources */ = {isa = PBXBuildFile; fileRef = 0EBD22901CE3D65300F1CA9C /* tokenizer_script.c */; };
		0EBD22C81CE3D65300F1CA9C /* tokenizer_script.h in Headers */ = {isa = PBXBuildFile; fileRef = 0EBD22911CE3D65300F1CA9C /* tokenizer_script.h */; };
		0EBD22C91CE3D65300F1CA9C /* tokenizer.c in Sources */ = {isa = PBXBuildFile; fileRef = 0EBD22921CE3D65300F1CA9C /* tokenizer.c */; };
		0EBD22CA1CE3D65300F1CA9C /* tokenizer.h in Headers */ = {isa = PBXBuildFile; fileRef = 0EBD22931CE3D65300F1CA9C /* tokenizer.h */; };
		0EBD22CB1CE3D65300F1CA9C /* tree.c in Sources */ = {isa = PBXBuildFile; fileRef = 0EBD22941CE3D65300F1CA9C /* tree.c */; };
		0EBD22CC1CE3D65300F1CA9C /* tree.h in Headers */ = {isa = PBXBuildFile; fileRef = 0EBD22951CE3D65300F1CA9C /* tree.h */; };
		0EBD22CD1CE3D65300F1CA9C /* utils.c in Sources */ = {isa = PBXBuildFile; fileRef = 0EBD22961CE3D65300F1CA9C /* utils.c */; };
		0EBD22CE1CE3D65300F1CA9C /* utils.h in Headers */ = {isa = PBXBuildFile; fileRef = 0EBD22971CE3D65300F1CA9C /* utils.h */; };
		0EBD22CF1CE3D65300F1CA9C /* mchar_async.c in Sources */ = {isa = PBXBuildFile; fileRef = 0EBD22991CE3D65300F1CA9C /* mchar_async.c */; };
		0EBD22D01CE3D65300F1CA9C /* mchar_async.h in Headers */ = {isa = PBXBuildFile; fileRef = 0EBD229A1CE3D65300F1CA9C /* mchar_async.h */; };
		0EBD22D11CE3D65300F1CA9C /* mcobject_async.c in Sources */ = {isa = PBXBuildFile; fileRef = 0EBD229B1CE3D65300F1CA9C /* mcobject_async.c */; };
		0EBD22D21CE3D65300F1CA9C /* mcobject_async.h in Headers */ = {isa = PBXBuildFile; fileRef = 0EBD229C1CE3D65300F1CA9C /* mcobject_async.h */; };
		0EBD22D31CE3D65300F1CA9C /* mcsimple.c in Sources */ = {isa = PBXBuildFile; fileRef = 0EBD229D1CE3D65300F1CA9C /* mcsimple.c */; };
		0EBD22D41CE3D65300F1CA9C /* mcsimple.h in Headers */ = {isa = PBXBuildFile; fileRef = 0EBD229E1CE3D65300F1CA9C /* mcsimple.h */; };
		0EBD22D51CE3D65300F1CA9C /* mcsync.c in Sources */ = {isa = PBXBuildFile; fileRef = 0EBD229F1CE3D65300F1CA9C /* mcsync.c */; };
		0EBD22D61CE3D65300F1CA9C /* mcsync.h in Headers */ = {isa = PBXBuildFile; fileRef = 0EBD22A01CE3D65300F1CA9C /* mcsync.h */; };
		0EBD22D71CE3D65300F1CA9C /* mctree.c in Sources */ = {isa = PBXBuildFile; fileRef = 0EBD22A11CE3D65300F1CA9C /* mctree.c */; };
		0EBD22D81CE3D65300F1CA9C /* mctree.h in Headers */ = {isa = PBXBuildFile; fileRef = 0EBD22A21CE3D65300F1CA9C /* mctree.h */; };
		0EBD22D91CE3D65300F1CA9C /* resources.h in Headers */ = {isa = PBXBuildFile; fileRef = 0EBD22A31CE3D65300F1CA9C /* resources.h */; };
		0EEA5B1F1D07A649009E28A6 /* mynamespace.c in Sources */ = {isa = PBXBuildFile; fileRef = 0EEA5B1C1D07A649009E28A6 /* mynamespace.c */; };
		0EEA5B201D07A649009E28A6 /* mynamespace.h in Headers */ = {isa = PBXBuildFile; fileRef = 0EEA5B1D1D07A649009E28A6 /* mynamespace.h */; };
		0EEA5B211D07A649009E28A6 /* mynamespace_resource.h in Headers */ = {isa = PBXBuildFile; fileRef = 0EEA5B1E1D07A649009E28A6 /* mynamespace_resource.h */; };
/* End PBXBuildFile section */

/* Begin PBXFileReference section */
		0E770BCE1C3A836B00F68C82 /* libmyhtml.dylib */ = {isa = PBXFileReference; explicitFileType = "compiled.mach-o.dylib"; includeInIndex = 0; path = libmyhtml.dylib; sourceTree = BUILT_PRODUCTS_DIR; };
		0E8499841D1B1DB10027A80B /* mcobject.c */ = {isa = PBXFileReference; fileEncoding = 4; lastKnownFileType = sourcecode.c.c; path = mcobject.c; sourceTree = "<group>"; };
		0E8499851D1B1DB10027A80B /* mcobject.h */ = {isa = PBXFileReference; fileEncoding = 4; lastKnownFileType = sourcecode.c.h; path = mcobject.h; sourceTree = "<group>"; };
		0E8499881D1B1DDB0027A80B /* callback.h */ = {isa = PBXFileReference; fileEncoding = 4; lastKnownFileType = sourcecode.c.h; name = callback.h; path = ../source/myhtml/callback.h; sourceTree = "<group>"; };
		0E8499891D1B1DDB0027A80B /* data_process.c */ = {isa = PBXFileReference; fileEncoding = 4; lastKnownFileType = sourcecode.c.c; name = data_process.c; path = ../source/myhtml/data_process.c; sourceTree = "<group>"; };
		0E84998A1D1B1DDB0027A80B /* stream.h */ = {isa = PBXFileReference; fileEncoding = 4; lastKnownFileType = sourcecode.c.h; name = stream.h; path = ../source/myhtml/stream.h; sourceTree = "<group>"; };
		0E84998B1D1B1DDB0027A80B /* stream.c */ = {isa = PBXFileReference; fileEncoding = 4; lastKnownFileType = sourcecode.c.c; name = stream.c; path = ../source/myhtml/stream.c; sourceTree = "<group>"; };
		0E84998C1D1B1DDB0027A80B /* callback.c */ = {isa = PBXFileReference; fileEncoding = 4; lastKnownFileType = sourcecode.c.c; name = callback.c; path = ../source/myhtml/callback.c; sourceTree = "<group>"; };
		0E84998D1D1B1DDB0027A80B /* charef_resource.h */ = {isa = PBXFileReference; fileEncoding = 4; lastKnownFileType = sourcecode.c.h; name = charef_resource.h; path = ../source/myhtml/charef_resource.h; sourceTree = "<group>"; };
		0E84998E1D1B1DDB0027A80B /* data_process.h */ = {isa = PBXFileReference; fileEncoding = 4; lastKnownFileType = sourcecode.c.h; name = data_process.h; path = ../source/myhtml/data_process.h; sourceTree = "<group>"; };
		0EBD226D1CE3D65300F1CA9C /* api_encoding.h */ = {isa = PBXFileReference; fileEncoding = 4; lastKnownFileType = sourcecode.c.h; name = api_encoding.h; path = ../source/myhtml/api_encoding.h; sourceTree = "<group>"; };
		0EBD226E1CE3D65300F1CA9C /* api.h */ = {isa = PBXFileReference; fileEncoding = 4; lastKnownFileType = sourcecode.c.h; name = api.h; path = ../source/myhtml/api.h; sourceTree = "<group>"; };
		0EBD226F1CE3D65300F1CA9C /* charef.c */ = {isa = PBXFileReference; fileEncoding = 4; lastKnownFileType = sourcecode.c.c; name = charef.c; path = ../source/myhtml/charef.c; sourceTree = "<group>"; };
		0EBD22701CE3D65300F1CA9C /* charef.h */ = {isa = PBXFileReference; fileEncoding = 4; lastKnownFileType = sourcecode.c.h; name = charef.h; path = ../source/myhtml/charef.h; sourceTree = "<group>"; };
		0EBD22711CE3D65300F1CA9C /* def.h */ = {isa = PBXFileReference; fileEncoding = 4; lastKnownFileType = sourcecode.c.h; name = def.h; path = ../source/myhtml/def.h; sourceTree = "<group>"; };
		0EBD22721CE3D65300F1CA9C /* encoding_detect_resource.h */ = {isa = PBXFileReference; fileEncoding = 4; lastKnownFileType = sourcecode.c.h; name = encoding_detect_resource.h; path = ../source/myhtml/encoding_detect_resource.h; sourceTree = "<group>"; };
		0EBD22731CE3D65300F1CA9C /* encoding_detect.c */ = {isa = PBXFileReference; fileEncoding = 4; lastKnownFileType = sourcecode.c.c; name = encoding_detect.c; path = ../source/myhtml/encoding_detect.c; sourceTree = "<group>"; };
		0EBD22741CE3D65300F1CA9C /* encoding_resource.h */ = {isa = PBXFileReference; fileEncoding = 4; lastKnownFileType = sourcecode.c.h; name = encoding_resource.h; path = ../source/myhtml/encoding_resource.h; sourceTree = "<group>"; };
		0EBD22751CE3D65300F1CA9C /* encoding.c */ = {isa = PBXFileReference; fileEncoding = 4; lastKnownFileType = sourcecode.c.c; name = encoding.c; path = ../source/myhtml/encoding.c; sourceTree = "<group>"; };
		0EBD22761CE3D65300F1CA9C /* encoding.h */ = {isa = PBXFileReference; fileEncoding = 4; lastKnownFileType = sourcecode.c.h; name = encoding.h; path = ../source/myhtml/encoding.h; sourceTree = "<group>"; };
		0EBD22771CE3D65300F1CA9C /* incoming.c */ = {isa = PBXFileReference; fileEncoding = 4; lastKnownFileType = sourcecode.c.c; name = incoming.c; path = ../source/myhtml/incoming.c; sourceTree = "<group>"; };
		0EBD22781CE3D65300F1CA9C /* incoming.h */ = {isa = PBXFileReference; fileEncoding = 4; lastKnownFileType = sourcecode.c.h; name = incoming.h; path = ../source/myhtml/incoming.h; sourceTree = "<group>"; };
		0EBD22791CE3D65300F1CA9C /* myhtml.c */ = {isa = PBXFileReference; fileEncoding = 4; lastKnownFileType = sourcecode.c.c; name = myhtml.c; path = ../source/myhtml/myhtml.c; sourceTree = "<group>"; };
		0EBD227A1CE3D65300F1CA9C /* myhtml.h */ = {isa = PBXFileReference; fileEncoding = 4; lastKnownFileType = sourcecode.c.h; name = myhtml.h; path = ../source/myhtml/myhtml.h; sourceTree = "<group>"; };
		0EBD227B1CE3D65300F1CA9C /* myosi.c */ = {isa = PBXFileReference; fileEncoding = 4; lastKnownFileType = sourcecode.c.c; name = myosi.c; path = ../source/myhtml/myosi.c; sourceTree = "<group>"; };
		0EBD227C1CE3D65300F1CA9C /* myosi.h */ = {isa = PBXFileReference; fileEncoding = 4; lastKnownFileType = sourcecode.c.h; name = myosi.h; path = ../source/myhtml/myosi.h; sourceTree = "<group>"; };
		0EBD227D1CE3D65300F1CA9C /* mystring.c */ = {isa = PBXFileReference; fileEncoding = 4; lastKnownFileType = sourcecode.c.c; name = mystring.c; path = ../source/myhtml/mystring.c; sourceTree = "<group>"; };
		0EBD227E1CE3D65300F1CA9C /* mystring.h */ = {isa = PBXFileReference; fileEncoding = 4; lastKnownFileType = sourcecode.c.h; name = mystring.h; path = ../source/myhtml/mystring.h; sourceTree = "<group>"; };
		0EBD227F1CE3D65300F1CA9C /* parser.c */ = {isa = PBXFileReference; fileEncoding = 4; lastKnownFileType = sourcecode.c.c; name = parser.c; path = ../source/myhtml/parser.c; sourceTree = "<group>"; };
		0EBD22801CE3D65300F1CA9C /* parser.h */ = {isa = PBXFileReference; fileEncoding = 4; lastKnownFileType = sourcecode.c.h; name = parser.h; path = ../source/myhtml/parser.h; sourceTree = "<group>"; };
		0EBD22811CE3D65300F1CA9C /* perf.c */ = {isa = PBXFileReference; fileEncoding = 4; lastKnownFileType = sourcecode.c.c; name = perf.c; path = ../source/myhtml/perf.c; sourceTree = "<group>"; };
		0EBD22821CE3D65300F1CA9C /* rules.c */ = {isa = PBXFileReference; fileEncoding = 4; lastKnownFileType = sourcecode.c.c; name = rules.c; path = ../source/myhtml/rules.c; sourceTree = "<group>"; };
		0EBD22831CE3D65300F1CA9C /* rules.h */ = {isa = PBXFileReference; fileEncoding = 4; lastKnownFileType = sourcecode.c.h; name = rules.h; path = ../source/myhtml/rules.h; sourceTree = "<group>"; };
		0EBD22841CE3D65300F1CA9C /* tag_const.h */ = {isa = PBXFileReference; fileEncoding = 4; lastKnownFileType = sourcecode.c.h; name = tag_const.h; path = ../source/myhtml/tag_const.h; sourceTree = "<group>"; };
		0EBD22851CE3D65300F1CA9C /* tag_init.c */ = {isa = PBXFileReference; fileEncoding = 4; lastKnownFileType = sourcecode.c.c; name = tag_init.c; path = ../source/myhtml/tag_init.c; sourceTree = "<group>"; };
		0EBD22861CE3D65300F1CA9C /* tag.c */ = {isa = PBXFileReference; fileEncoding = 4; lastKnownFileType = sourcecode.c.c; name = tag.c; path = ../source/myhtml/tag.c; sourceTree = "<group>"; };
		0EBD22871CE3D65300F1CA9C /* tag.h */ = {isa = PBXFileReference; fileEncoding = 4; lastKnownFileType = sourcecode.c.h; name = tag.h; path = ../source/myhtml/tag.h; sourceTree = "<group>"; };
		0EBD22881CE3D65300F1CA9C /* thread.c */ = {isa = PBXFileReference; fileEncoding = 4; lastKnownFileType = sourcecode.c.c; name = thread.c; path = ../source/myhtml/thread.c; sourceTree = "<group>"; };
		0EBD22891CE3D65300F1CA9C /* thread.h */ = {isa = PBXFileReference; fileEncoding = 4; lastKnownFileType = sourcecode.c.h; name = thread.h; path = ../source/myhtml/thread.h; sourceTree = "<group>"; };
		0EBD228A1CE3D65300F1CA9C /* token.c */ = {isa = PBXFileReference; fileEncoding = 4; lastKnownFileType = sourcecode.c.c; name = token.c; path = ../source/myhtml/token.c; sourceTree = "<group>"; };
		0EBD228B1CE3D65300F1CA9C /* token.h */ = {isa = PBXFileReference; fileEncoding = 4; lastKnownFileType = sourcecode.c.h; name = token.h; path = ../source/myhtml/token.h; sourceTree = "<group>"; };
		0EBD228C1CE3D65300F1CA9C /* tokenizer_doctype.c */ = {isa = PBXFileReference; fileEncoding = 4; lastKnownFileType = sourcecode.c.c; name = tokenizer_doctype.c; path = ../source/myhtml/tokenizer_doctype.c; sourceTree = "<group>"; };
		0EBD228D1CE3D65300F1CA9C /* tokenizer_doctype.h */ = {isa = PBXFileReference; fileEncoding = 4; lastKnownFileType = sourcecode.c.h; name = tokenizer_doctype.h; path = ../source/myhtml/tokenizer_doctype.h; sourceTree = "<group>"; };
		0EBD228E1CE3D65300F1CA9C /* tokenizer_end.c */ = {isa = PBXFileReference; fileEncoding = 4; lastKnownFileType = sourcecode.c.c; name = tokenizer_end.c; path = ../source/myhtml/tokenizer_end.c; sourceTree = "<group>"; };
		0EBD228F1CE3D65300F1CA9C /* tokenizer_end.h */ = {isa = PBXFileReference; fileEncoding = 4; lastKnownFileType = sourcecode.c.h; name = tokenizer_end.h; path = ../source/myhtml/tokenizer_end.h; sourceTree = "<group>"; };
		0EBD22901CE3D65300F1CA9C /* tokenizer_script.c */ = {isa = PBXFileReference; fileEncoding = 4; lastKnownFileType = sourcecode.c.c; name = tokenizer_script.c; path = ../source/myhtml/tokenizer_script.c; sourceTree = "<group>"; };
		0EBD22911CE3D65300F1CA9C /* tokenizer_script.h */ = {isa = PBXFileReference; fileEncoding = 4; lastKnownFileType = sourcecode.c.h; name = tokenizer_script.h; path = ../source/myhtml/tokenizer_script.h; sourceTree = "<group>"; };
		0EBD22921CE3D65300F1CA9C /* tokenizer.c */ = {isa = PBXFileReference; fileEncoding = 4; lastKnownFileType = sourcecode.c.c; name = tokenizer.c; path = ../source/myhtml/tokenizer.c; sourceTree = "<group>"; };
		0EBD22931CE3D65300F1CA9C /* tokenizer.h */ = {isa = PBXFileReference; fileEncoding = 4; lastKnownFileType = sourcecode.c.h; name = tokenizer.h; path = ../source/myhtml/tokenizer.h; sourceTree = "<group>"; };
		0EBD22941CE3D65300F1CA9C /* tree.c */ = {isa = PBXFileReference; fileEncoding = 4; lastKnownFileType = sourcecode.c.c; name = tree.c; path = ../source/myhtml/tree.c; sourceTree = "<group>"; };
		0EBD22951CE3D65300F1CA9C /* tree.h */ = {isa = PBXFileReference; fileEncoding = 4; lastKnownFileType = sourcecode.c.h; name = tree.h; path = ../source/myhtml/tree.h; sourceTree = "<group>"; };
		0EBD22961CE3D65300F1CA9C /* utils.c */ = {isa = PBXFileReference; fileEncoding = 4; lastKnownFileType = sourcecode.c.c; name = utils.c; path = ../source/myhtml/utils.c; sourceTree = "<group>"; };
		0EBD22971CE3D65300F1CA9C /* utils.h */ = {isa = PBXFileReference; fileEncoding = 4; lastKnownFileType = sourcecode.c.h; name = utils.h; path = ../source/myhtml/utils.h; sourceTree = "<group>"; };
		0EBD22991CE3D65300F1CA9C /* mchar_async.c */ = {isa = PBXFileReference; fileEncoding = 4; lastKnownFileType = sourcecode.c.c; path = mchar_async.c; sourceTree = "<group>"; };
		0EBD229A1CE3D65300F1CA9C /* mchar_async.h */ = {isa = PBXFileReference; fileEncoding = 4; lastKnownFileType = sourcecode.c.h; path = mchar_async.h; sourceTree = "<group>"; };
		0EBD229B1CE3D65300F1CA9C /* mcobject_async.c */ = {isa = PBXFileReference; fileEncoding = 4; lastKnownFileType = sourcecode.c.c; path = mcobject_async.c; sourceTree = "<group>"; };
		0EBD229C1CE3D65300F1CA9C /* mcobject_async.h */ = {isa = PBXFileReference; fileEncoding = 4; lastKnownFileType = sourcecode.c.h; path = mcobject_async.h; sourceTree = "<group>"; };
		0EBD229D1CE3D65300F1CA9C /* mcsimple.c */ = {isa = PBXFileReference; fileEncoding = 4; lastKnownFileType = sourcecode.c.c; path = mcsimple.c; sourceTree = "<group>"; };
		0EBD229E1CE3D65300F1CA9C /* mcsimple.h */ = {isa = PBXFileReference; fileEncoding = 4; lastKnownFileType = sourcecode.c.h; path = mcsimple.h; sourceTree = "<group>"; };
		0EBD229F1CE3D65300F1CA9C /* mcsync.c */ = {isa = PBXFileReference; fileEncoding = 4; lastKnownFileType = sourcecode.c.c; path = mcsync.c; sourceTree = "<group>"; };
		0EBD22A01CE3D65300F1CA9C /* mcsync.h */ = {isa = PBXFileReference; fileEncoding = 4; lastKnownFileType = sourcecode.c.h; path = mcsync.h; sourceTree = "<group>"; };
		0EBD22A11CE3D65300F1CA9C /* mctree.c */ = {isa = PBXFileReference; fileEncoding = 4; lastKnownFileType = sourcecode.c.c; path = mctree.c; sourceTree = "<group>"; };
		0EBD22A21CE3D65300F1CA9C /* mctree.h */ = {isa = PBXFileReference; fileEncoding = 4; lastKnownFileType = sourcecode.c.h; path = mctree.h; sourceTree = "<group>"; };
		0EBD22A31CE3D65300F1CA9C /* resources.h */ = {isa = PBXFileReference; fileEncoding = 4; lastKnownFileType = sourcecode.c.h; path = resources.h; sourceTree = "<group>"; };
		0EEA5B1C1D07A649009E28A6 /* mynamespace.c */ = {isa = PBXFileReference; fileEncoding = 4; lastKnownFileType = sourcecode.c.c; name = mynamespace.c; path = ../source/myhtml/mynamespace.c; sourceTree = "<group>"; };
		0EEA5B1D1D07A649009E28A6 /* mynamespace.h */ = {isa = PBXFileReference; fileEncoding = 4; lastKnownFileType = sourcecode.c.h; name = mynamespace.h; path = ../source/myhtml/mynamespace.h; sourceTree = "<group>"; };
		0EEA5B1E1D07A649009E28A6 /* mynamespace_resource.h */ = {isa = PBXFileReference; fileEncoding = 4; lastKnownFileType = sourcecode.c.h; name = mynamespace_resource.h; path = ../source/myhtml/mynamespace_resource.h; sourceTree = "<group>"; };
/* End PBXFileReference section */

/* Begin PBXFrameworksBuildPhase section */
		0E82BB621C3A7A4A00B38816 /* Frameworks */ = {
			isa = PBXFrameworksBuildPhase;
			buildActionMask = 2147483647;
			files = (
			);
			runOnlyForDeploymentPostprocessing = 0;
		};
/* End PBXFrameworksBuildPhase section */

/* Begin PBXGroup section */
		0E82BB5C1C3A7A4A00B38816 = {
			isa = PBXGroup;
			children = (
				0E82BB6C1C3A7A8100B38816 /* myhtml */,
				0E82BB661C3A7A4A00B38816 /* Products */,
			);
			sourceTree = "<group>";
		};
		0E82BB661C3A7A4A00B38816 /* Products */ = {
			isa = PBXGroup;
			children = (
				0E770BCE1C3A836B00F68C82 /* libmyhtml.dylib */,
			);
			name = Products;
			sourceTree = "<group>";
		};
		0E82BB6C1C3A7A8100B38816 /* myhtml */ = {
			isa = PBXGroup;
			children = (
				0E8499881D1B1DDB0027A80B /* callback.h */,
				0E84998C1D1B1DDB0027A80B /* callback.c */,
				0E84998E1D1B1DDB0027A80B /* data_process.h */,
				0E8499891D1B1DDB0027A80B /* data_process.c */,
				0E84998A1D1B1DDB0027A80B /* stream.h */,
				0E84998B1D1B1DDB0027A80B /* stream.c */,
				0EBD226E1CE3D65300F1CA9C /* api.h */,
				0EBD226D1CE3D65300F1CA9C /* api_encoding.h */,
				0EBD22701CE3D65300F1CA9C /* charef.h */,
				0EBD226F1CE3D65300F1CA9C /* charef.c */,
				0E84998D1D1B1DDB0027A80B /* charef_resource.h */,
				0EBD22711CE3D65300F1CA9C /* def.h */,
				0EBD22721CE3D65300F1CA9C /* encoding_detect_resource.h */,
				0EBD22731CE3D65300F1CA9C /* encoding_detect.c */,
				0EBD22741CE3D65300F1CA9C /* encoding_resource.h */,
				0EBD22751CE3D65300F1CA9C /* encoding.c */,
				0EBD22761CE3D65300F1CA9C /* encoding.h */,
				0EBD22771CE3D65300F1CA9C /* incoming.c */,
				0EBD22781CE3D65300F1CA9C /* incoming.h */,
				0EBD22791CE3D65300F1CA9C /* myhtml.c */,
				0EBD227A1CE3D65300F1CA9C /* myhtml.h */,
				0EBD227B1CE3D65300F1CA9C /* myosi.c */,
				0EBD227C1CE3D65300F1CA9C /* myosi.h */,
				0EBD227D1CE3D65300F1CA9C /* mystring.c */,
				0EBD227E1CE3D65300F1CA9C /* mystring.h */,
				0EBD227F1CE3D65300F1CA9C /* parser.c */,
				0EBD22801CE3D65300F1CA9C /* parser.h */,
				0EBD22811CE3D65300F1CA9C /* perf.c */,
				0EBD22821CE3D65300F1CA9C /* rules.c */,
				0EBD22831CE3D65300F1CA9C /* rules.h */,
				0EBD22841CE3D65300F1CA9C /* tag_const.h */,
				0EBD22851CE3D65300F1CA9C /* tag_init.c */,
				0EBD22861CE3D65300F1CA9C /* tag.c */,
				0EBD22871CE3D65300F1CA9C /* tag.h */,
				0EBD22881CE3D65300F1CA9C /* thread.c */,
				0EBD22891CE3D65300F1CA9C /* thread.h */,
				0EBD228A1CE3D65300F1CA9C /* token.c */,
				0EBD228B1CE3D65300F1CA9C /* token.h */,
				0EEA5B1E1D07A649009E28A6 /* mynamespace_resource.h */,
				0EEA5B1D1D07A649009E28A6 /* mynamespace.h */,
				0EEA5B1C1D07A649009E28A6 /* mynamespace.c */,
				0EBD228C1CE3D65300F1CA9C /* tokenizer_doctype.c */,
				0EBD228D1CE3D65300F1CA9C /* tokenizer_doctype.h */,
				0EBD228E1CE3D65300F1CA9C /* tokenizer_end.c */,
				0EBD228F1CE3D65300F1CA9C /* tokenizer_end.h */,
				0EBD22901CE3D65300F1CA9C /* tokenizer_script.c */,
				0EBD22911CE3D65300F1CA9C /* tokenizer_script.h */,
				0EBD22921CE3D65300F1CA9C /* tokenizer.c */,
				0EBD22931CE3D65300F1CA9C /* tokenizer.h */,
				0EBD22941CE3D65300F1CA9C /* tree.c */,
				0EBD22951CE3D65300F1CA9C /* tree.h */,
				0EBD22961CE3D65300F1CA9C /* utils.c */,
				0EBD22971CE3D65300F1CA9C /* utils.h */,
				0EBD22981CE3D65300F1CA9C /* utils */,
			);
			name = myhtml;
			sourceTree = "<group>";
		};
		0EBD22981CE3D65300F1CA9C /* utils */ = {
			isa = PBXGroup;
			children = (
				0E8499851D1B1DB10027A80B /* mcobject.h */,
				0E8499841D1B1DB10027A80B /* mcobject.c */,
				0EBD22991CE3D65300F1CA9C /* mchar_async.c */,
				0EBD229A1CE3D65300F1CA9C /* mchar_async.h */,
				0EBD229B1CE3D65300F1CA9C /* mcobject_async.c */,
				0EBD229C1CE3D65300F1CA9C /* mcobject_async.h */,
				0EBD229D1CE3D65300F1CA9C /* mcsimple.c */,
				0EBD229E1CE3D65300F1CA9C /* mcsimple.h */,
				0EBD229F1CE3D65300F1CA9C /* mcsync.c */,
				0EBD22A01CE3D65300F1CA9C /* mcsync.h */,
				0EBD22A11CE3D65300F1CA9C /* mctree.c */,
				0EBD22A21CE3D65300F1CA9C /* mctree.h */,
				0EBD22A31CE3D65300F1CA9C /* resources.h */,
			);
			name = utils;
			path = ../source/myhtml/utils;
			sourceTree = "<group>";
		};
/* End PBXGroup section */

/* Begin PBXHeadersBuildPhase section */
		0E82BB631C3A7A4A00B38816 /* Headers */ = {
			isa = PBXHeadersBuildPhase;
			buildActionMask = 2147483647;
			files = (
				0EBD22CA1CE3D65300F1CA9C /* tokenizer.h in Headers */,
				0EBD22BE1CE3D65300F1CA9C /* tag.h in Headers */,
				0E84998F1D1B1DDB0027A80B /* callback.h in Headers */,
				0EBD22C41CE3D65300F1CA9C /* tokenizer_doctype.h in Headers */,
				0E8499911D1B1DDB0027A80B /* stream.h in Headers */,
				0EBD22C21CE3D65300F1CA9C /* token.h in Headers */,
				0EBD22CC1CE3D65300F1CA9C /* tree.h in Headers */,
				0EBD22C81CE3D65300F1CA9C /* tokenizer_script.h in Headers */,
				0E8499951D1B1DDB0027A80B /* data_process.h in Headers */,
				0EBD22D81CE3D65300F1CA9C /* mctree.h in Headers */,
				0E8499871D1B1DB10027A80B /* mcobject.h in Headers */,
				0EBD22B31CE3D65300F1CA9C /* myosi.h in Headers */,
				0EBD22A91CE3D65300F1CA9C /* encoding_detect_resource.h in Headers */,
				0EBD22A41CE3D65300F1CA9C /* api_encoding.h in Headers */,
				0EBD22A51CE3D65300F1CA9C /* api.h in Headers */,
				0EEA5B211D07A649009E28A6 /* mynamespace_resource.h in Headers */,
				0EBD22AD1CE3D65300F1CA9C /* encoding.h in Headers */,
				0EBD22D01CE3D65300F1CA9C /* mchar_async.h in Headers */,
				0EBD22C01CE3D65300F1CA9C /* thread.h in Headers */,
				0EBD22B11CE3D65300F1CA9C /* myhtml.h in Headers */,
				0EBD22B51CE3D65300F1CA9C /* mystring.h in Headers */,
				0EBD22AF1CE3D65300F1CA9C /* incoming.h in Headers */,
				0EBD22A81CE3D65300F1CA9C /* def.h in Headers */,
				0EBD22C61CE3D65300F1CA9C /* tokenizer_end.h in Headers */,
				0EBD22A71CE3D65300F1CA9C /* charef.h in Headers */,
				0EBD22AB1CE3D65300F1CA9C /* encoding_resource.h in Headers */,
				0EBD22CE1CE3D65300F1CA9C /* utils.h in Headers */,
				0EBD22BA1CE3D65300F1CA9C /* rules.h in Headers */,
				0E8499941D1B1DDB0027A80B /* charef_resource.h in Headers */,
				0EBD22D41CE3D65300F1CA9C /* mcsimple.h in Headers */,
				0EBD22D91CE3D65300F1CA9C /* resources.h in Headers */,
				0EBD22B71CE3D65300F1CA9C /* parser.h in Headers */,
				0EBD22BB1CE3D65300F1CA9C /* tag_const.h in Headers */,
				0EBD22D21CE3D65300F1CA9C /* mcobject_async.h in Headers */,
				0EEA5B201D07A649009E28A6 /* mynamespace.h in Headers */,
				0EBD22D61CE3D65300F1CA9C /* mcsync.h in Headers */,
			);
			runOnlyForDeploymentPostprocessing = 0;
		};
/* End PBXHeadersBuildPhase section */

/* Begin PBXNativeTarget section */
		0E82BB641C3A7A4A00B38816 /* myhtml */ = {
			isa = PBXNativeTarget;
			buildConfigurationList = 0E82BB691C3A7A4A00B38816 /* Build configuration list for PBXNativeTarget "myhtml" */;
			buildPhases = (
				0E82BB611C3A7A4A00B38816 /* Sources */,
				0E82BB621C3A7A4A00B38816 /* Frameworks */,
				0E82BB631C3A7A4A00B38816 /* Headers */,
			);
			buildRules = (
			);
			dependencies = (
			);
			name = myhtml;
			productName = myhtml;
			productReference = 0E770BCE1C3A836B00F68C82 /* libmyhtml.dylib */;
			productType = "com.apple.product-type.library.dynamic";
		};
/* End PBXNativeTarget section */

/* Begin PBXProject section */
		0E82BB5D1C3A7A4A00B38816 /* Project object */ = {
			isa = PBXProject;
			attributes = {
				LastUpgradeCheck = 0720;
				ORGANIZATIONNAME = "Alexander Borisov";
				TargetAttributes = {
					0E82BB641C3A7A4A00B38816 = {
						CreatedOnToolsVersion = 7.2;
					};
				};
			};
			buildConfigurationList = 0E82BB601C3A7A4A00B38816 /* Build configuration list for PBXProject "myhtml" */;
			compatibilityVersion = "Xcode 3.2";
			developmentRegion = English;
			hasScannedForEncodings = 0;
			knownRegions = (
				en,
			);
			mainGroup = 0E82BB5C1C3A7A4A00B38816;
			productRefGroup = 0E82BB661C3A7A4A00B38816 /* Products */;
			projectDirPath = "";
			projectRoot = "";
			targets = (
				0E82BB641C3A7A4A00B38816 /* myhtml */,
			);
		};
/* End PBXProject section */

/* Begin PBXSourcesBuildPhase section */
		0E82BB611C3A7A4A00B38816 /* Sources */ = {
			isa = PBXSourcesBuildPhase;
			buildActionMask = 2147483647;
			files = (
				0EBD22B81CE3D65300F1CA9C /* perf.c in Sources */,
				0EBD22C51CE3D65300F1CA9C /* tokenizer_end.c in Sources */,
				0EBD22BC1CE3D65300F1CA9C /* tag_init.c in Sources */,
				0EBD22C91CE3D65300F1CA9C /* tokenizer.c in Sources */,
				0E8499931D1B1DDB0027A80B /* callback.c in Sources */,
				0EBD22D31CE3D65300F1CA9C /* mcsimple.c in Sources */,
				0EBD22AC1CE3D65300F1CA9C /* encoding.c in Sources */,
				0E8499861D1B1DB10027A80B /* mcobject.c in Sources */,
				0EBD22CF1CE3D65300F1CA9C /* mchar_async.c in Sources */,
				0E8499921D1B1DDB0027A80B /* stream.c in Sources */,
				0EEA5B1F1D07A649009E28A6 /* mynamespace.c in Sources */,
				0EBD22CD1CE3D65300F1CA9C /* utils.c in Sources */,
				0EBD22C11CE3D65300F1CA9C /* token.c in Sources */,
				0EBD22A61CE3D65300F1CA9C /* charef.c in Sources */,
				0EBD22C71CE3D65300F1CA9C /* tokenizer_script.c in Sources */,
				0EBD22B91CE3D65300F1CA9C /* rules.c in Sources */,
				0EBD22AA1CE3D65300F1CA9C /* encoding_detect.c in Sources */,
				0EBD22C31CE3D65300F1CA9C /* tokenizer_doctype.c in Sources */,
				0EBD22BF1CE3D65300F1CA9C /* thread.c in Sources */,
				0EBD22BD1CE3D65300F1CA9C /* tag.c in Sources */,
				0EBD22B21CE3D65300F1CA9C /* myosi.c in Sources */,
				0E8499901D1B1DDB0027A80B /* data_process.c in Sources */,
				0EBD22B01CE3D65300F1CA9C /* myhtml.c in Sources */,
				0EBD22D11CE3D65300F1CA9C /* mcobject_async.c in Sources */,
				0EBD22B41CE3D65300F1CA9C /* mystring.c in Sources */,
				0EBD22CB1CE3D65300F1CA9C /* tree.c in Sources */,
				0EBD22B61CE3D65300F1CA9C /* parser.c in Sources */,
				0EBD22D51CE3D65300F1CA9C /* mcsync.c in Sources */,
				0EBD22AE1CE3D65300F1CA9C /* incoming.c in Sources */,
				0EBD22D71CE3D65300F1CA9C /* mctree.c in Sources */,
			);
			runOnlyForDeploymentPostprocessing = 0;
		};
/* End PBXSourcesBuildPhase section */

/* Begin XCBuildConfiguration section */
		0E82BB671C3A7A4A00B38816 /* Debug */ = {
			isa = XCBuildConfiguration;
			buildSettings = {
				ALWAYS_SEARCH_USER_PATHS = NO;
				CLANG_CXX_LANGUAGE_STANDARD = "gnu++0x";
				CLANG_CXX_LIBRARY = "libc++";
				CLANG_ENABLE_MODULES = YES;
				CLANG_ENABLE_OBJC_ARC = YES;
				CLANG_WARN_BOOL_CONVERSION = YES;
				CLANG_WARN_CONSTANT_CONVERSION = YES;
				CLANG_WARN_DIRECT_OBJC_ISA_USAGE = YES_ERROR;
				CLANG_WARN_EMPTY_BODY = YES;
				CLANG_WARN_ENUM_CONVERSION = YES;
				CLANG_WARN_INT_CONVERSION = YES;
				CLANG_WARN_OBJC_ROOT_CLASS = YES_ERROR;
				CLANG_WARN_UNREACHABLE_CODE = YES;
				CLANG_WARN__DUPLICATE_METHOD_MATCH = YES;
				CODE_SIGN_IDENTITY = "-";
				COPY_PHASE_STRIP = NO;
				DEBUG_INFORMATION_FORMAT = dwarf;
				ENABLE_STRICT_OBJC_MSGSEND = YES;
				ENABLE_TESTABILITY = YES;
				GCC_C_LANGUAGE_STANDARD = gnu99;
				GCC_DYNAMIC_NO_PIC = NO;
				GCC_NO_COMMON_BLOCKS = YES;
				GCC_OPTIMIZATION_LEVEL = 0;
				GCC_PREPROCESSOR_DEFINITIONS = (
					"DEBUG=1",
					"$(inherited)",
				);
				GCC_WARN_64_TO_32_BIT_CONVERSION = YES;
				GCC_WARN_ABOUT_RETURN_TYPE = YES_ERROR;
				GCC_WARN_UNDECLARED_SELECTOR = YES;
				GCC_WARN_UNINITIALIZED_AUTOS = YES_AGGRESSIVE;
				GCC_WARN_UNUSED_FUNCTION = YES;
				GCC_WARN_UNUSED_VARIABLE = YES;
				MACOSX_DEPLOYMENT_TARGET = 10.11;
				MTL_ENABLE_DEBUG_INFO = YES;
				ONLY_ACTIVE_ARCH = YES;
				SDKROOT = macosx;
			};
			name = Debug;
		};
		0E82BB681C3A7A4A00B38816 /* Release */ = {
			isa = XCBuildConfiguration;
			buildSettings = {
				ALWAYS_SEARCH_USER_PATHS = NO;
				CLANG_CXX_LANGUAGE_STANDARD = "gnu++0x";
				CLANG_CXX_LIBRARY = "libc++";
				CLANG_ENABLE_MODULES = YES;
				CLANG_ENABLE_OBJC_ARC = YES;
				CLANG_WARN_BOOL_CONVERSION = YES;
				CLANG_WARN_CONSTANT_CONVERSION = YES;
				CLANG_WARN_DIRECT_OBJC_ISA_USAGE = YES_ERROR;
				CLANG_WARN_EMPTY_BODY = YES;
				CLANG_WARN_ENUM_CONVERSION = YES;
				CLANG_WARN_INT_CONVERSION = YES;
				CLANG_WARN_OBJC_ROOT_CLASS = YES_ERROR;
				CLANG_WARN_UNREACHABLE_CODE = YES;
				CLANG_WARN__DUPLICATE_METHOD_MATCH = YES;
				CODE_SIGN_IDENTITY = "-";
				COPY_PHASE_STRIP = NO;
				DEBUG_INFORMATION_FORMAT = "dwarf-with-dsym";
				ENABLE_NS_ASSERTIONS = NO;
				ENABLE_STRICT_OBJC_MSGSEND = YES;
				GCC_C_LANGUAGE_STANDARD = gnu99;
				GCC_NO_COMMON_BLOCKS = YES;
				GCC_WARN_64_TO_32_BIT_CONVERSION = YES;
				GCC_WARN_ABOUT_RETURN_TYPE = YES_ERROR;
				GCC_WARN_UNDECLARED_SELECTOR = YES;
				GCC_WARN_UNINITIALIZED_AUTOS = YES_AGGRESSIVE;
				GCC_WARN_UNUSED_FUNCTION = YES;
				GCC_WARN_UNUSED_VARIABLE = YES;
				MACOSX_DEPLOYMENT_TARGET = 10.11;
				MTL_ENABLE_DEBUG_INFO = NO;
				SDKROOT = macosx;
			};
			name = Release;
		};
		0E82BB6A1C3A7A4A00B38816 /* Debug */ = {
			isa = XCBuildConfiguration;
			buildSettings = {
				DYLIB_COMPATIBILITY_VERSION = 1;
				DYLIB_CURRENT_VERSION = 1;
				EXECUTABLE_PREFIX = lib;
				GCC_PREPROCESSOR_DEFINITIONS = (
					"DEBUG=1",
					MyHTML_WITH_PERF,
					MyHTML_FORCE_RDTSC,
					"$(inherited)",
				);
				HEADER_SEARCH_PATHS = ../source;
				PRODUCT_NAME = "$(TARGET_NAME)";
			};
			name = Debug;
		};
		0E82BB6B1C3A7A4A00B38816 /* Release */ = {
			isa = XCBuildConfiguration;
			buildSettings = {
				DYLIB_COMPATIBILITY_VERSION = 1;
				DYLIB_CURRENT_VERSION = 1;
				EXECUTABLE_PREFIX = lib;
				GCC_OPTIMIZATION_LEVEL = 2;
				HEADER_SEARCH_PATHS = ../source;
				PRODUCT_NAME = "$(TARGET_NAME)";
			};
			name = Release;
		};
/* End XCBuildConfiguration section */

/* Begin XCConfigurationList section */
		0E82BB601C3A7A4A00B38816 /* Build configuration list for PBXProject "myhtml" */ = {
			isa = XCConfigurationList;
			buildConfigurations = (
				0E82BB671C3A7A4A00B38816 /* Debug */,
				0E82BB681C3A7A4A00B38816 /* Release */,
			);
			defaultConfigurationIsVisible = 0;
			defaultConfigurationName = Release;
		};
		0E82BB691C3A7A4A00B38816 /* Build configuration list for PBXNativeTarget "myhtml" */ = {
			isa = XCConfigurationList;
			buildConfigurations = (
				0E82BB6A1C3A7A4A00B38816 /* Debug */,
				0E82BB6B1C3A7A4A00B38816 /* Release */,
			);
			defaultConfigurationIsVisible = 0;
			defaultConfigurationName = Release;
		};
/* End XCConfigurationList section */
	};
	rootObject = 0E82BB5D1C3A7A4A00B38816 /* Project object */;
}
