<?xml version="1.0" encoding="utf-8"?>
<Project ToolsVersion="4.0" xmlns="http://schemas.microsoft.com/developer/msbuild/2003">
  <ItemGroup>
    <ClCompile Include="dll\dllmain.cpp" />
    <ClCompile Include="dll\myhtml.cpp" />
    <ClCompile Include="..\..\source\utils\mchar_async.c">
      <Filter>source</Filter>
    </ClCompile>
    <ClCompile Include="..\..\source\utils\mcobject_async.c">
      <Filter>source</Filter>
    </ClCompile>
    <ClCompile Include="..\..\source\utils\mcsync.c">
      <Filter>source</Filter>
    </ClCompile>
    <ClCompile Include="..\..\source\utils\mctree.c">
      <Filter>source</Filter>
    </ClCompile>
    <ClCompile Include="..\..\source\myhtml.c">
      <Filter>source</Filter>
    </ClCompile>
    <ClCompile Include="..\..\source\mystring.c">
      <Filter>source</Filter>
    </ClCompile>
    <ClCompile Include="..\..\source\myosi.c">
      <Filter>source</Filter>
    </ClCompile>
    <ClCompile Include="..\..\source\parser.c">
      <Filter>source</Filter>
    </ClCompile>
    <ClCompile Include="..\..\source\perf.c">
      <Filter>source</Filter>
    </ClCompile>
    <ClCompile Include="..\..\source\rules.c">
      <Filter>source</Filter>
    </ClCompile>
    <ClCompile Include="..\..\source\tag.c">
      <Filter>source</Filter>
    </ClCompile>
    <ClCompile Include="..\..\source\tag_init.c">
      <Filter>source</Filter>
    </ClCompile>
    <ClCompile Include="..\..\source\thread.c">
      <Filter>source</Filter>
    </ClCompile>
    <ClCompile Include="..\..\source\token.c">
      <Filter>source</Filter>
    </ClCompile>
    <ClCompile Include="..\..\source\tokenizer.c">
      <Filter>source</Filter>
    </ClCompile>
    <ClCompile Include="..\..\source\tokenizer_doctype.c">
      <Filter>source</Filter>
    </ClCompile>
    <ClCompile Include="..\..\source\tokenizer_script.c">
      <Filter>source</Filter>
    </ClCompile>
    <ClCompile Include="..\..\source\tree.c">
      <Filter>source</Filter>
    </ClCompile>
    <ClCompile Include="..\..\source\utils.c">
      <Filter>source</Filter>
    </ClCompile>
  </ItemGroup>
  <ItemGroup>
    <Filter Include="include">
      <UniqueIdentifier>{9f0105d8-eab2-47c2-9f24-85a474e1767a}</UniqueIdentifier>
    </Filter>
    <Filter Include="source">
      <UniqueIdentifier>{e3ef8ef3-c3cc-46fb-bd00-c2f61faa4230}</UniqueIdentifier>
    </Filter>
  </ItemGroup>
  <ItemGroup>
    <ClInclude Include="..\..\source\api.h">
      <Filter>include</Filter>
    </ClInclude>
    <ClInclude Include="..\..\source\def.h">
      <Filter>include</Filter>
    </ClInclude>
    <ClInclude Include="..\..\source\utils\mcobject_async.h">
      <Filter>include</Filter>
    </ClInclude>
    <ClInclude Include="..\..\source\utils\mcsync.h">
      <Filter>include</Filter>
    </ClInclude>
    <ClInclude Include="..\..\source\utils\mctree.h">
      <Filter>include</Filter>
    </ClInclude>
    <ClInclude Include="..\..\source\myhtml.h">
      <Filter>include</Filter>
    </ClInclude>
    <ClInclude Include="..\..\source\myosi.h">
      <Filter>include</Filter>
    </ClInclude>
    <ClInclude Include="..\..\source\mystring.h">
      <Filter>include</Filter>
    </ClInclude>
    <ClInclude Include="..\..\source\parser.h">
      <Filter>include</Filter>
    </ClInclude>
    <ClInclude Include="..\..\source\rules.h">
      <Filter>include</Filter>
    </ClInclude>
    <ClInclude Include="..\..\source\tag.h">
      <Filter>include</Filter>
    </ClInclude>
    <ClInclude Include="..\..\source\tag_const.h">
      <Filter>include</Filter>
    </ClInclude>
    <ClInclude Include="..\..\source\thread.h">
      <Filter>include</Filter>
    </ClInclude>
    <ClInclude Include="..\..\source\token.h">
      <Filter>include</Filter>
    </ClInclude>
    <ClInclude Include="..\..\source\tokenizer.h">
      <Filter>include</Filter>
    </ClInclude>
    <ClInclude Include="..\..\source\tokenizer_doctype.h">
      <Filter>include</Filter>
    </ClInclude>
    <ClInclude Include="..\..\source\tokenizer_script.h">
      <Filter>include</Filter>
    </ClInclude>
    <ClInclude Include="..\..\source\tree.h">
      <Filter>include</Filter>
    </ClInclude>
    <ClInclude Include="..\..\source\utils.h">
      <Filter>include</Filter>
    </ClInclude>
    <ClInclude Include="..\..\source\utils\mchar_async.h">
      <Filter>include</Filter>
    </ClInclude>
  </ItemGroup>
</Project>