// !$*UTF8*$!
{
	archiveVersion = 1;
	classes = {
	};
	objectVersion = 46;
	objects = {

/* Begin PBXBuildFile section */
		0E770BBD1C3A7FBF00F68C82 /* main.c in Sources */ = {isa = PBXBuildFile; fileRef = 0E770BBC1C3A7FBF00F68C82 /* main.c */; };
		0E770BCB1C3A80B600F68C82 /* libmyhtml.dylib in Frameworks */ = {isa = PBXBuildFile; fileRef = 0E770BCA1C3A80B600F68C82 /* libmyhtml.dylib */; };
/* End PBXBuildFile section */

/* Begin PBXCopyFilesBuildPhase section */
		0E770BB71C3A7FBF00F68C82 /* CopyFiles */ = {
			isa = PBXCopyFilesBuildPhase;
			buildActionMask = 2147483647;
			dstPath = /usr/share/man/man1/;
			dstSubfolderSpec = 0;
			files = (
			);
			runOnlyForDeploymentPostprocessing = 1;
		};
/* End PBXCopyFilesBuildPhase section */

/* Begin PBXFileReference section */
		0E770BB91C3A7FBF00F68C82 /* osx */ = {isa = PBXFileReference; explicitFileType = "compiled.mach-o.executable"; includeInIndex = 0; path = osx; sourceTree = BUILT_PRODUCTS_DIR; };
		0E770BBC1C3A7FBF00F68C82 /* main.c */ = {isa = PBXFileReference; lastKnownFileType = sourcecode.c.c; path = main.c; sourceTree = "<group>"; };
		0E770BC31C3A7FE700F68C82 /* main.h */ = {isa = PBXFileReference; fileEncoding = 4; lastKnownFileType = sourcecode.c.h; path = main.h; sourceTree = "<group>"; };
		0E770BCA1C3A80B600F68C82 /* libmyhtml.dylib */ = {isa = PBXFileReference; lastKnownFileType = "compiled.mach-o.dylib"; name = libmyhtml.dylib; path = ../../projects/build/Debug/libmyhtml.dylib; sourceTree = "<group>"; };
/* End PBXFileReference section */

/* Begin PBXFrameworksBuildPhase section */
		0E770BB61C3A7FBF00F68C82 /* Frameworks */ = {
			isa = PBXFrameworksBuildPhase;
			buildActionMask = 2147483647;
			files = (
				0E770BCB1C3A80B600F68C82 /* libmyhtml.dylib in Frameworks */,
			);
			runOnlyForDeploymentPostprocessing = 0;
		};
/* End PBXFrameworksBuildPhase section */

/* Begin PBXGroup section */
		0E770BB01C3A7FBF00F68C82 = {
			isa = PBXGroup;
			children = (
				0E770BCA1C3A80B600F68C82 /* libmyhtml.dylib */,
				0E770BBB1C3A7FBF00F68C82 /* osx */,
				0E770BBA1C3A7FBF00F68C82 /* Products */,
			);
			sourceTree = "<group>";
		};
		0E770BBA1C3A7FBF00F68C82 /* Products */ = {
			isa = PBXGroup;
			children = (
				0E770BB91C3A7FBF00F68C82 /* osx */,
			);
			name = Products;
			sourceTree = "<group>";
		};
		0E770BBB1C3A7FBF00F68C82 /* osx */ = {
			isa = PBXGroup;
			children = (
				0E770BC31C3A7FE700F68C82 /* main.h */,
				0E770BBC1C3A7FBF00F68C82 /* main.c */,
			);
			path = osx;
			sourceTree = "<group>";
		};
/* End PBXGroup section */

/* Begin PBXNativeTarget section */
		0E770BB81C3A7FBF00F68C82 /* osx */ = {
			isa = PBXNativeTarget;
			buildConfigurationList = 0E770BC01C3A7FBF00F68C82 /* Build configuration list for PBXNativeTarget "osx" */;
			buildPhases = (
				0E770BB51C3A7FBF00F68C82 /* Sources */,
				0E770BB61C3A7FBF00F68C82 /* Frameworks */,
				0E770BB71C3A7FBF00F68C82 /* CopyFiles */,
			);
			buildRules = (
			);
			dependencies = (
			);
			name = osx;
			productName = osx;
			productReference = 0E770BB91C3A7FBF00F68C82 /* osx */;
			productType = "com.apple.product-type.tool";
		};
/* End PBXNativeTarget section */

/* Begin PBXProject section */
		0E770BB11C3A7FBF00F68C82 /* Project object */ = {
			isa = PBXProject;
			attributes = {
				LastUpgradeCheck = 0720;
				ORGANIZATIONNAME = "Alexander Borisov";
				TargetAttributes = {
					0E770BB81C3A7FBF00F68C82 = {
						CreatedOnToolsVersion = 7.2;
					};
				};
			};
			buildConfigurationList = 0E770BB41C3A7FBF00F68C82 /* Build configuration list for PBXProject "osx" */;
			compatibilityVersion = "Xcode 3.2";
			developmentRegion = English;
			hasScannedForEncodings = 0;
			knownRegions = (
				en,
			);
			mainGroup = 0E770BB01C3A7FBF00F68C82;
			productRefGroup = 0E770BBA1C3A7FBF00F68C82 /* Products */;
			projectDirPath = "";
			projectRoot = "";
			targets = (
				0E770BB81C3A7FBF00F68C82 /* osx */,
			);
		};
/* End PBXProject section */

/* Begin PBXSourcesBuildPhase section */
		0E770BB51C3A7FBF00F68C82 /* Sources */ = {
			isa = PBXSourcesBuildPhase;
			buildActionMask = 2147483647;
			files = (
				0E770BBD1C3A7FBF00F68C82 /* main.c in Sources */,
			);
			runOnlyForDeploymentPostprocessing = 0;
		};
/* End PBXSourcesBuildPhase section */

/* Begin XCBuildConfiguration section */
		0E770BBE1C3A7FBF00F68C82 /* Debug */ = {
			isa = XCBuildConfiguration;
			buildSettings = {
				ALWAYS_SEARCH_USER_PATHS = NO;
				CLANG_CXX_LANGUAGE_STANDARD = "gnu++0x";
				CLANG_CXX_LIBRARY = "libc++";
				CLANG_ENABLE_MODULES = YES;
				CLANG_ENABLE_OBJC_ARC = YES;
				CLANG_WARN_BOOL_CONVERSION = YES;
				CLANG_WARN_CONSTANT_CONVERSION = YES;
				CLANG_WARN_DIRECT_OBJC_ISA_USAGE = YES_ERROR;
				CLANG_WARN_EMPTY_BODY = YES;
				CLANG_WARN_ENUM_CONVERSION = YES;
				CLANG_WARN_INT_CONVERSION = YES;
				CLANG_WARN_OBJC_ROOT_CLASS = YES_ERROR;
				CLANG_WARN_UNREACHABLE_CODE = YES;
				CLANG_WARN__DUPLICATE_METHOD_MATCH = YES;
				CODE_SIGN_IDENTITY = "-";
				COPY_PHASE_STRIP = NO;
				DEBUG_INFORMATION_FORMAT = dwarf;
				ENABLE_STRICT_OBJC_MSGSEND = YES;
				ENABLE_TESTABILITY = YES;
				GCC_C_LANGUAGE_STANDARD = gnu99;
				GCC_DYNAMIC_NO_PIC = NO;
				GCC_NO_COMMON_BLOCKS = YES;
				GCC_OPTIMIZATION_LEVEL = 0;
				GCC_PREPROCESSOR_DEFINITIONS = (
					"DEBUG=1",
					"$(inherited)",
				);
				GCC_WARN_64_TO_32_BIT_CONVERSION = YES;
				GCC_WARN_ABOUT_RETURN_TYPE = YES_ERROR;
				GCC_WARN_UNDECLARED_SELECTOR = YES;
				GCC_WARN_UNINITIALIZED_AUTOS = YES_AGGRESSIVE;
				GCC_WARN_UNUSED_FUNCTION = YES;
				GCC_WARN_UNUSED_VARIABLE = YES;
				MACOSX_DEPLOYMENT_TARGET = 10.11;
				MTL_ENABLE_DEBUG_INFO = YES;
				ONLY_ACTIVE_ARCH = YES;
				SDKROOT = macosx;
			};
			name = Debug;
		};
		0E770BBF1C3A7FBF00F68C82 /* Release */ = {
			isa = XCBuildConfiguration;
			buildSettings = {
				ALWAYS_SEARCH_USER_PATHS = NO;
				CLANG_CXX_LANGUAGE_STANDARD = "gnu++0x";
				CLANG_CXX_LIBRARY = "libc++";
				CLANG_ENABLE_MODULES = YES;
				CLANG_ENABLE_OBJC_ARC = YES;
				CLANG_WARN_BOOL_CONVERSION = YES;
				CLANG_WARN_CONSTANT_CONVERSION = YES;
				CLANG_WARN_DIRECT_OBJC_ISA_USAGE = YES_ERROR;
				CLANG_WARN_EMPTY_BODY = YES;
				CLANG_WARN_ENUM_CONVERSION = YES;
				CLANG_WARN_INT_CONVERSION = YES;
				CLANG_WARN_OBJC_ROOT_CLASS = YES_ERROR;
				CLANG_WARN_UNREACHABLE_CODE = YES;
				CLANG_WARN__DUPLICATE_METHOD_MATCH = YES;
				CODE_SIGN_IDENTITY = "-";
				COPY_PHASE_STRIP = NO;
				DEBUG_INFORMATION_FORMAT = "dwarf-with-dsym";
				ENABLE_NS_ASSERTIONS = NO;
				ENABLE_STRICT_OBJC_MSGSEND = YES;
				GCC_C_LANGUAGE_STANDARD = gnu99;
				GCC_NO_COMMON_BLOCKS = YES;
				GCC_WARN_64_TO_32_BIT_CONVERSION = YES;
				GCC_WARN_ABOUT_RETURN_TYPE = YES_ERROR;
				GCC_WARN_UNDECLARED_SELECTOR = YES;
				GCC_WARN_UNINITIALIZED_AUTOS = YES_AGGRESSIVE;
				GCC_WARN_UNUSED_FUNCTION = YES;
				GCC_WARN_UNUSED_VARIABLE = YES;
				MACOSX_DEPLOYMENT_TARGET = 10.11;
				MTL_ENABLE_DEBUG_INFO = NO;
				SDKROOT = macosx;
			};
			name = Release;
		};
		0E770BC11C3A7FBF00F68C82 /* Debug */ = {
			isa = XCBuildConfiguration;
			buildSettings = {
				HEADER_SEARCH_PATHS = ../../source;
				PRODUCT_NAME = "$(TARGET_NAME)";
			};
			name = Debug;
		};
		0E770BC21C3A7FBF00F68C82 /* Release */ = {
			isa = XCBuildConfiguration;
			buildSettings = {
				HEADER_SEARCH_PATHS = ../../source;
				PRODUCT_NAME = "$(TARGET_NAME)";
			};
			name = Release;
		};
/* End XCBuildConfiguration section */

/* Begin XCConfigurationList section */
		0E770BB41C3A7FBF00F68C82 /* Build configuration list for PBXProject "osx" */ = {
			isa = XCConfigurationList;
			buildConfigurations = (
				0E770BBE1C3A7FBF00F68C82 /* Debug */,
				0E770BBF1C3A7FBF00F68C82 /* Release */,
			);
			defaultConfigurationIsVisible = 0;
			defaultConfigurationName = Release;
		};
		0E770BC01C3A7FBF00F68C82 /* Build configuration list for PBXNativeTarget "osx" */ = {
			isa = XCConfigurationList;
			buildConfigurations = (
				0E770BC11C3A7FBF00F68C82 /* Debug */,
				0E770BC21C3A7FBF00F68C82 /* Release */,
			);
			defaultConfigurationIsVisible = 0;
			defaultConfigurationName = Release;
		};
/* End XCConfigurationList section */
	};
	rootObject = 0E770BB11C3A7FBF00F68C82 /* Project object */;
}
