// !$*UTF8*$!
{
	archiveVersion = 1;
	classes = {
	};
	objectVersion = 46;
	objects = {

/* Begin PBXBuildFile section */
		0E770BBD1C3A7FBF00F68C82 /* main.c in Sources */ = {isa = PBXBuildFile; fileRef = 0E770BBC1C3A7FBF00F68C82 /* main.c */; };
		0E770C001C3E87BA00F68C82 /* Makefile in Sources */ = {isa = PBXBuildFile; fileRef = 0E770BDB1C3E87BA00F68C82 /* Makefile */; };
		0E770C011C3E87BA00F68C82 /* myhtml.c in Sources */ = {isa = PBXBuildFile; fileRef = 0E770BDC1C3E87BA00F68C82 /* myhtml.c */; };
		0E770C021C3E87BA00F68C82 /* myosi.c in Sources */ = {isa = PBXBuildFile; fileRef = 0E770BDE1C3E87BA00F68C82 /* myosi.c */; };
		0E770C031C3E87BA00F68C82 /* mystring.c in Sources */ = {isa = PBXBuildFile; fileRef = 0E770BE01C3E87BA00F68C82 /* mystring.c */; };
		0E770C041C3E87BA00F68C82 /* parser.c in Sources */ = {isa = PBXBuildFile; fileRef = 0E770BE21C3E87BA00F68C82 /* parser.c */; };
		0E770C051C3E87BA00F68C82 /* perf.c in Sources */ = {isa = PBXBuildFile; fileRef = 0E770BE41C3E87BA00F68C82 /* perf.c */; };
		0E770C061C3E87BA00F68C82 /* rules.c in Sources */ = {isa = PBXBuildFile; fileRef = 0E770BE51C3E87BA00F68C82 /* rules.c */; };
		0E770C071C3E87BA00F68C82 /* tag.c in Sources */ = {isa = PBXBuildFile; fileRef = 0E770BE71C3E87BA00F68C82 /* tag.c */; };
		0E770C081C3E87BA00F68C82 /* tag_init.c in Sources */ = {isa = PBXBuildFile; fileRef = 0E770BEA1C3E87BA00F68C82 /* tag_init.c */; };
		0E770C091C3E87BA00F68C82 /* thread.c in Sources */ = {isa = PBXBuildFile; fileRef = 0E770BEB1C3E87BA00F68C82 /* thread.c */; };
		0E770C0A1C3E87BA00F68C82 /* token.c in Sources */ = {isa = PBXBuildFile; fileRef = 0E770BED1C3E87BA00F68C82 /* token.c */; };
		0E770C0B1C3E87BA00F68C82 /* tokenizer.c in Sources */ = {isa = PBXBuildFile; fileRef = 0E770BEF1C3E87BA00F68C82 /* tokenizer.c */; };
		0E770C0C1C3E87BA00F68C82 /* tokenizer_doctype.c in Sources */ = {isa = PBXBuildFile; fileRef = 0E770BF11C3E87BA00F68C82 /* tokenizer_doctype.c */; };
		0E770C0D1C3E87BA00F68C82 /* tokenizer_script.c in Sources */ = {isa = PBXBuildFile; fileRef = 0E770BF31C3E87BA00F68C82 /* tokenizer_script.c */; };
		0E770C0E1C3E87BA00F68C82 /* tree.c in Sources */ = {isa = PBXBuildFile; fileRef = 0E770BF51C3E87BA00F68C82 /* tree.c */; };
		0E770C0F1C3E87BA00F68C82 /* mchar_async.c in Sources */ = {isa = PBXBuildFile; fileRef = 0E770BF81C3E87BA00F68C82 /* mchar_async.c */; };
		0E770C101C3E87BA00F68C82 /* mcobject_async.c in Sources */ = {isa = PBXBuildFile; fileRef = 0E770BFA1C3E87BA00F68C82 /* mcobject_async.c */; };
		0E770C111C3E87BA00F68C82 /* mcsync.c in Sources */ = {isa = PBXBuildFile; fileRef = 0E770BFC1C3E87BA00F68C82 /* mcsync.c */; };
		0E770C121C3E87BA00F68C82 /* mctree.c in Sources */ = {isa = PBXBuildFile; fileRef = 0E770BFE1C3E87BA00F68C82 /* mctree.c */; };
		0E770C151C3FE6A400F68C82 /* utils.c in Sources */ = {isa = PBXBuildFile; fileRef = 0E770C131C3FE6A400F68C82 /* utils.c */; };
		0EEF775A1C425D20006DB566 /* tokenizer_end.c in Sources */ = {isa = PBXBuildFile; fileRef = 0EEF77581C425D20006DB566 /* tokenizer_end.c */; };
/* End PBXBuildFile section */

/* Begin PBXCopyFilesBuildPhase section */
		0E770BB71C3A7FBF00F68C82 /* CopyFiles */ = {
			isa = PBXCopyFilesBuildPhase;
			buildActionMask = 2147483647;
			dstPath = /usr/share/man/man1/;
			dstSubfolderSpec = 0;
			files = (
			);
			runOnlyForDeploymentPostprocessing = 1;
		};
/* End PBXCopyFilesBuildPhase section */

/* Begin PBXFileReference section */
		0E770BB91C3A7FBF00F68C82 /* osx */ = {isa = PBXFileReference; explicitFileType = "compiled.mach-o.executable"; includeInIndex = 0; path = osx; sourceTree = BUILT_PRODUCTS_DIR; };
		0E770BBC1C3A7FBF00F68C82 /* main.c */ = {isa = PBXFileReference; lastKnownFileType = sourcecode.c.c; path = main.c; sourceTree = "<group>"; };
		0E770BC31C3A7FE700F68C82 /* main.h */ = {isa = PBXFileReference; fileEncoding = 4; lastKnownFileType = sourcecode.c.h; path = main.h; sourceTree = "<group>"; };
		0E770BD91C3E87BA00F68C82 /* api.h */ = {isa = PBXFileReference; fileEncoding = 4; lastKnownFileType = sourcecode.c.h; path = api.h; sourceTree = "<group>"; };
		0E770BDA1C3E87BA00F68C82 /* def.h */ = {isa = PBXFileReference; fileEncoding = 4; lastKnownFileType = sourcecode.c.h; path = def.h; sourceTree = "<group>"; };
		0E770BDB1C3E87BA00F68C82 /* Makefile */ = {isa = PBXFileReference; fileEncoding = 4; lastKnownFileType = sourcecode.make; path = Makefile; sourceTree = "<group>"; };
		0E770BDC1C3E87BA00F68C82 /* myhtml.c */ = {isa = PBXFileReference; fileEncoding = 4; lastKnownFileType = sourcecode.c.c; path = myhtml.c; sourceTree = "<group>"; };
		0E770BDD1C3E87BA00F68C82 /* myhtml.h */ = {isa = PBXFileReference; fileEncoding = 4; lastKnownFileType = sourcecode.c.h; path = myhtml.h; sourceTree = "<group>"; };
		0E770BDE1C3E87BA00F68C82 /* myosi.c */ = {isa = PBXFileReference; fileEncoding = 4; lastKnownFileType = sourcecode.c.c; path = myosi.c; sourceTree = "<group>"; };
		0E770BDF1C3E87BA00F68C82 /* myosi.h */ = {isa = PBXFileReference; fileEncoding = 4; lastKnownFileType = sourcecode.c.h; path = myosi.h; sourceTree = "<group>"; };
		0E770BE01C3E87BA00F68C82 /* mystring.c */ = {isa = PBXFileReference; fileEncoding = 4; lastKnownFileType = sourcecode.c.c; path = mystring.c; sourceTree = "<group>"; };
		0E770BE11C3E87BA00F68C82 /* mystring.h */ = {isa = PBXFileReference; fileEncoding = 4; lastKnownFileType = sourcecode.c.h; path = mystring.h; sourceTree = "<group>"; };
		0E770BE21C3E87BA00F68C82 /* parser.c */ = {isa = PBXFileReference; fileEncoding = 4; lastKnownFileType = sourcecode.c.c; path = parser.c; sourceTree = "<group>"; };
		0E770BE31C3E87BA00F68C82 /* parser.h */ = {isa = PBXFileReference; fileEncoding = 4; lastKnownFileType = sourcecode.c.h; path = parser.h; sourceTree = "<group>"; };
		0E770BE41C3E87BA00F68C82 /* perf.c */ = {isa = PBXFileReference; fileEncoding = 4; lastKnownFileType = sourcecode.c.c; path = perf.c; sourceTree = "<group>"; };
		0E770BE51C3E87BA00F68C82 /* rules.c */ = {isa = PBXFileReference; fileEncoding = 4; lastKnownFileType = sourcecode.c.c; path = rules.c; sourceTree = "<group>"; };
		0E770BE61C3E87BA00F68C82 /* rules.h */ = {isa = PBXFileReference; fileEncoding = 4; lastKnownFileType = sourcecode.c.h; path = rules.h; sourceTree = "<group>"; };
		0E770BE71C3E87BA00F68C82 /* tag.c */ = {isa = PBXFileReference; fileEncoding = 4; lastKnownFileType = sourcecode.c.c; path = tag.c; sourceTree = "<group>"; };
		0E770BE81C3E87BA00F68C82 /* tag.h */ = {isa = PBXFileReference; fileEncoding = 4; lastKnownFileType = sourcecode.c.h; path = tag.h; sourceTree = "<group>"; };
		0E770BE91C3E87BA00F68C82 /* tag_const.h */ = {isa = PBXFileReference; fileEncoding = 4; lastKnownFileType = sourcecode.c.h; path = tag_const.h; sourceTree = "<group>"; };
		0E770BEA1C3E87BA00F68C82 /* tag_init.c */ = {isa = PBXFileReference; fileEncoding = 4; lastKnownFileType = sourcecode.c.c; path = tag_init.c; sourceTree = "<group>"; };
		0E770BEB1C3E87BA00F68C82 /* thread.c */ = {isa = PBXFileReference; fileEncoding = 4; lastKnownFileType = sourcecode.c.c; path = thread.c; sourceTree = "<group>"; };
		0E770BEC1C3E87BA00F68C82 /* thread.h */ = {isa = PBXFileReference; fileEncoding = 4; lastKnownFileType = sourcecode.c.h; path = thread.h; sourceTree = "<group>"; };
		0E770BED1C3E87BA00F68C82 /* token.c */ = {isa = PBXFileReference; fileEncoding = 4; lastKnownFileType = sourcecode.c.c; path = token.c; sourceTree = "<group>"; };
		0E770BEE1C3E87BA00F68C82 /* token.h */ = {isa = PBXFileReference; fileEncoding = 4; lastKnownFileType = sourcecode.c.h; path = token.h; sourceTree = "<group>"; };
		0E770BEF1C3E87BA00F68C82 /* tokenizer.c */ = {isa = PBXFileReference; fileEncoding = 4; lastKnownFileType = sourcecode.c.c; path = tokenizer.c; sourceTree = "<group>"; };
		0E770BF01C3E87BA00F68C82 /* tokenizer.h */ = {isa = PBXFileReference; fileEncoding = 4; lastKnownFileType = sourcecode.c.h; path = tokenizer.h; sourceTree = "<group>"; };
		0E770BF11C3E87BA00F68C82 /* tokenizer_doctype.c */ = {isa = PBXFileReference; fileEncoding = 4; lastKnownFileType = sourcecode.c.c; path = tokenizer_doctype.c; sourceTree = "<group>"; };
		0E770BF21C3E87BA00F68C82 /* tokenizer_doctype.h */ = {isa = PBXFileReference; fileEncoding = 4; lastKnownFileType = sourcecode.c.h; path = tokenizer_doctype.h; sourceTree = "<group>"; };
		0E770BF31C3E87BA00F68C82 /* tokenizer_script.c */ = {isa = PBXFileReference; fileEncoding = 4; lastKnownFileType = sourcecode.c.c; path = tokenizer_script.c; sourceTree = "<group>"; };
		0E770BF41C3E87BA00F68C82 /* tokenizer_script.h */ = {isa = PBXFileReference; fileEncoding = 4; lastKnownFileType = sourcecode.c.h; path = tokenizer_script.h; sourceTree = "<group>"; };
		0E770BF51C3E87BA00F68C82 /* tree.c */ = {isa = PBXFileReference; fileEncoding = 4; lastKnownFileType = sourcecode.c.c; path = tree.c; sourceTree = "<group>"; };
		0E770BF61C3E87BA00F68C82 /* tree.h */ = {isa = PBXFileReference; fileEncoding = 4; lastKnownFileType = sourcecode.c.h; path = tree.h; sourceTree = "<group>"; };
		0E770BF81C3E87BA00F68C82 /* mchar_async.c */ = {isa = PBXFileReference; fileEncoding = 4; lastKnownFileType = sourcecode.c.c; path = mchar_async.c; sourceTree = "<group>"; };
		0E770BF91C3E87BA00F68C82 /* mchar_async.h */ = {isa = PBXFileReference; fileEncoding = 4; lastKnownFileType = sourcecode.c.h; path = mchar_async.h; sourceTree = "<group>"; };
		0E770BFA1C3E87BA00F68C82 /* mcobject_async.c */ = {isa = PBXFileReference; fileEncoding = 4; lastKnownFileType = sourcecode.c.c; path = mcobject_async.c; sourceTree = "<group>"; };
		0E770BFB1C3E87BA00F68C82 /* mcobject_async.h */ = {isa = PBXFileReference; fileEncoding = 4; lastKnownFileType = sourcecode.c.h; path = mcobject_async.h; sourceTree = "<group>"; };
		0E770BFC1C3E87BA00F68C82 /* mcsync.c */ = {isa = PBXFileReference; fileEncoding = 4; lastKnownFileType = sourcecode.c.c; path = mcsync.c; sourceTree = "<group>"; };
		0E770BFD1C3E87BA00F68C82 /* mcsync.h */ = {isa = PBXFileReference; fileEncoding = 4; lastKnownFileType = sourcecode.c.h; path = mcsync.h; sourceTree = "<group>"; };
		0E770BFE1C3E87BA00F68C82 /* mctree.c */ = {isa = PBXFileReference; fileEncoding = 4; lastKnownFileType = sourcecode.c.c; path = mctree.c; sourceTree = "<group>"; };
		0E770BFF1C3E87BA00F68C82 /* mctree.h */ = {isa = PBXFileReference; fileEncoding = 4; lastKnownFileType = sourcecode.c.h; path = mctree.h; sourceTree = "<group>"; };
		0E770C131C3FE6A400F68C82 /* utils.c */ = {isa = PBXFileReference; fileEncoding = 4; lastKnownFileType = sourcecode.c.c; path = utils.c; sourceTree = "<group>"; };
		0E770C141C3FE6A400F68C82 /* utils.h */ = {isa = PBXFileReference; fileEncoding = 4; lastKnownFileType = sourcecode.c.h; path = utils.h; sourceTree = "<group>"; };
		0EEF77581C425D20006DB566 /* tokenizer_end.c */ = {isa = PBXFileReference; fileEncoding = 4; lastKnownFileType = sourcecode.c.c; path = tokenizer_end.c; sourceTree = "<group>"; };
		0EEF77591C425D20006DB566 /* tokenizer_end.h */ = {isa = PBXFileReference; fileEncoding = 4; lastKnownFileType = sourcecode.c.h; path = tokenizer_end.h; sourceTree = "<group>"; };
/* End PBXFileReference section */

/* Begin PBXFrameworksBuildPhase section */
		0E770BB61C3A7FBF00F68C82 /* Frameworks */ = {
			isa = PBXFrameworksBuildPhase;
			buildActionMask = 2147483647;
			files = (
			);
			runOnlyForDeploymentPostprocessing = 0;
		};
/* End PBXFrameworksBuildPhase section */

/* Begin PBXGroup section */
		0E770BB01C3A7FBF00F68C82 = {
			isa = PBXGroup;
			children = (
				0E770BBB1C3A7FBF00F68C82 /* osx */,
				0E770BD81C3E87BA00F68C82 /* source */,
				0E770BBA1C3A7FBF00F68C82 /* Products */,
			);
			sourceTree = "<group>";
		};
		0E770BBA1C3A7FBF00F68C82 /* Products */ = {
			isa = PBXGroup;
			children = (
				0E770BB91C3A7FBF00F68C82 /* osx */,
			);
			name = Products;
			sourceTree = "<group>";
		};
		0E770BBB1C3A7FBF00F68C82 /* osx */ = {
			isa = PBXGroup;
			children = (
				0E770BC31C3A7FE700F68C82 /* main.h */,
				0E770BBC1C3A7FBF00F68C82 /* main.c */,
			);
			path = osx;
			sourceTree = "<group>";
		};
		0E770BD81C3E87BA00F68C82 /* source */ = {
			isa = PBXGroup;
			children = (
				0E770BD91C3E87BA00F68C82 /* api.h */,
				0E770BDA1C3E87BA00F68C82 /* def.h */,
				0E770BDB1C3E87BA00F68C82 /* Makefile */,
				0E770BDD1C3E87BA00F68C82 /* myhtml.h */,
				0E770BDC1C3E87BA00F68C82 /* myhtml.c */,
				0E770BDF1C3E87BA00F68C82 /* myosi.h */,
				0E770BDE1C3E87BA00F68C82 /* myosi.c */,
				0E770BE11C3E87BA00F68C82 /* mystring.h */,
				0E770BE01C3E87BA00F68C82 /* mystring.c */,
				0E770BE31C3E87BA00F68C82 /* parser.h */,
				0E770BE21C3E87BA00F68C82 /* parser.c */,
				0E770BE41C3E87BA00F68C82 /* perf.c */,
				0E770BE61C3E87BA00F68C82 /* rules.h */,
				0E770BE51C3E87BA00F68C82 /* rules.c */,
				0E770BE81C3E87BA00F68C82 /* tag.h */,
				0E770BE71C3E87BA00F68C82 /* tag.c */,
				0E770BE91C3E87BA00F68C82 /* tag_const.h */,
				0E770BEA1C3E87BA00F68C82 /* tag_init.c */,
				0E770BEC1C3E87BA00F68C82 /* thread.h */,
				0E770BEB1C3E87BA00F68C82 /* thread.c */,
				0E770BEE1C3E87BA00F68C82 /* token.h */,
				0E770BED1C3E87BA00F68C82 /* token.c */,
				0E770BF01C3E87BA00F68C82 /* tokenizer.h */,
				0E770BEF1C3E87BA00F68C82 /* tokenizer.c */,
				0E770BF21C3E87BA00F68C82 /* tokenizer_doctype.h */,
				0E770BF11C3E87BA00F68C82 /* tokenizer_doctype.c */,
				0E770BF41C3E87BA00F68C82 /* tokenizer_script.h */,
				0E770BF31C3E87BA00F68C82 /* tokenizer_script.c */,
				0EEF77591C425D20006DB566 /* tokenizer_end.h */,
				0EEF77581C425D20006DB566 /* tokenizer_end.c */,
				0E770BF61C3E87BA00F68C82 /* tree.h */,
				0E770BF51C3E87BA00F68C82 /* tree.c */,
				0E770C141C3FE6A400F68C82 /* utils.h */,
				0E770C131C3FE6A400F68C82 /* utils.c */,
				0E770BF71C3E87BA00F68C82 /* utils */,
			);
			name = source;
			path = ../../source;
			sourceTree = "<group>";
		};
		0E770BF71C3E87BA00F68C82 /* utils */ = {
			isa = PBXGroup;
			children = (
				0E770BF91C3E87BA00F68C82 /* mchar_async.h */,
				0E770BF81C3E87BA00F68C82 /* mchar_async.c */,
				0E770BFB1C3E87BA00F68C82 /* mcobject_async.h */,
				0E770BFA1C3E87BA00F68C82 /* mcobject_async.c */,
				0E770BFD1C3E87BA00F68C82 /* mcsync.h */,
				0E770BFC1C3E87BA00F68C82 /* mcsync.c */,
				0E770BFF1C3E87BA00F68C82 /* mctree.h */,
				0E770BFE1C3E87BA00F68C82 /* mctree.c */,
			);
			path = utils;
			sourceTree = "<group>";
		};
/* End PBXGroup section */

/* Begin PBXNativeTarget section */
		0E770BB81C3A7FBF00F68C82 /* osx */ = {
			isa = PBXNativeTarget;
			buildConfigurationList = 0E770BC01C3A7FBF00F68C82 /* Build configuration list for PBXNativeTarget "osx" */;
			buildPhases = (
				0E770BB51C3A7FBF00F68C82 /* Sources */,
				0E770BB61C3A7FBF00F68C82 /* Frameworks */,
				0E770BB71C3A7FBF00F68C82 /* CopyFiles */,
			);
			buildRules = (
			);
			dependencies = (
			);
			name = osx;
			productName = osx;
			productReference = 0E770BB91C3A7FBF00F68C82 /* osx */;
			productType = "com.apple.product-type.tool";
		};
/* End PBXNativeTarget section */

/* Begin PBXProject section */
		0E770BB11C3A7FBF00F68C82 /* Project object */ = {
			isa = PBXProject;
			attributes = {
				LastUpgradeCheck = 0720;
				ORGANIZATIONNAME = "Alexander Borisov";
				TargetAttributes = {
					0E770BB81C3A7FBF00F68C82 = {
						CreatedOnToolsVersion = 7.2;
					};
				};
			};
			buildConfigurationList = 0E770BB41C3A7FBF00F68C82 /* Build configuration list for PBXProject "osx" */;
			compatibilityVersion = "Xcode 3.2";
			developmentRegion = English;
			hasScannedForEncodings = 0;
			knownRegions = (
				en,
			);
			mainGroup = 0E770BB01C3A7FBF00F68C82;
			productRefGroup = 0E770BBA1C3A7FBF00F68C82 /* Products */;
			projectDirPath = "";
			projectRoot = "";
			targets = (
				0E770BB81C3A7FBF00F68C82 /* osx */,
			);
		};
/* End PBXProject section */

/* Begin PBXSourcesBuildPhase section */
		0E770BB51C3A7FBF00F68C82 /* Sources */ = {
			isa = PBXSourcesBuildPhase;
			buildActionMask = 2147483647;
			files = (
				0E770C051C3E87BA00F68C82 /* perf.c in Sources */,
				0E770C011C3E87BA00F68C82 /* myhtml.c in Sources */,
				0E770C0C1C3E87BA00F68C82 /* tokenizer_doctype.c in Sources */,
				0E770C021C3E87BA00F68C82 /* myosi.c in Sources */,
				0E770C061C3E87BA00F68C82 /* rules.c in Sources */,
				0E770C081C3E87BA00F68C82 /* tag_init.c in Sources */,
				0E770C001C3E87BA00F68C82 /* Makefile in Sources */,
				0E770C0E1C3E87BA00F68C82 /* tree.c in Sources */,
				0E770C031C3E87BA00F68C82 /* mystring.c in Sources */,
				0E770C121C3E87BA00F68C82 /* mctree.c in Sources */,
				0E770C071C3E87BA00F68C82 /* tag.c in Sources */,
				0E770C041C3E87BA00F68C82 /* parser.c in Sources */,
				0E770C0B1C3E87BA00F68C82 /* tokenizer.c in Sources */,
				0E770C0A1C3E87BA00F68C82 /* token.c in Sources */,
				0E770C111C3E87BA00F68C82 /* mcsync.c in Sources */,
				0E770C151C3FE6A400F68C82 /* utils.c in Sources */,
				0E770BBD1C3A7FBF00F68C82 /* main.c in Sources */,
				0E770C0D1C3E87BA00F68C82 /* tokenizer_script.c in Sources */,
				0E770C0F1C3E87BA00F68C82 /* mchar_async.c in Sources */,
				0E770C091C3E87BA00F68C82 /* thread.c in Sources */,
				0E770C101C3E87BA00F68C82 /* mcobject_async.c in Sources */,
				0EEF775A1C425D20006DB566 /* tokenizer_end.c in Sources */,
			);
			runOnlyForDeploymentPostprocessing = 0;
		};
/* End PBXSourcesBuildPhase section */

/* Begin XCBuildConfiguration section */
		0E770BBE1C3A7FBF00F68C82 /* Debug */ = {
			isa = XCBuildConfiguration;
			buildSettings = {
				ALWAYS_SEARCH_USER_PATHS = NO;
				CLANG_CXX_LANGUAGE_STANDARD = "gnu++0x";
				CLANG_CXX_LIBRARY = "libc++";
				CLANG_ENABLE_MODULES = YES;
				CLANG_ENABLE_OBJC_ARC = YES;
				CLANG_WARN_BOOL_CONVERSION = YES;
				CLANG_WARN_CONSTANT_CONVERSION = YES;
				CLANG_WARN_DIRECT_OBJC_ISA_USAGE = YES_ERROR;
				CLANG_WARN_EMPTY_BODY = YES;
				CLANG_WARN_ENUM_CONVERSION = YES;
				CLANG_WARN_INT_CONVERSION = YES;
				CLANG_WARN_OBJC_ROOT_CLASS = YES_ERROR;
				CLANG_WARN_UNREACHABLE_CODE = YES;
				CLANG_WARN__DUPLICATE_METHOD_MATCH = YES;
				CODE_SIGN_IDENTITY = "-";
				COPY_PHASE_STRIP = NO;
				DEBUG_INFORMATION_FORMAT = dwarf;
				ENABLE_STRICT_OBJC_MSGSEND = YES;
				ENABLE_TESTABILITY = YES;
				GCC_C_LANGUAGE_STANDARD = gnu99;
				GCC_DYNAMIC_NO_PIC = NO;
				GCC_NO_COMMON_BLOCKS = YES;
				GCC_OPTIMIZATION_LEVEL = 0;
				GCC_PREPROCESSOR_DEFINITIONS = (
					"DEBUG=1",
					"$(inherited)",
				);
				GCC_WARN_64_TO_32_BIT_CONVERSION = YES;
				GCC_WARN_ABOUT_RETURN_TYPE = YES_ERROR;
				GCC_WARN_UNDECLARED_SELECTOR = YES;
				GCC_WARN_UNINITIALIZED_AUTOS = YES_AGGRESSIVE;
				GCC_WARN_UNUSED_FUNCTION = YES;
				GCC_WARN_UNUSED_VARIABLE = YES;
				MACOSX_DEPLOYMENT_TARGET = 10.11;
				MTL_ENABLE_DEBUG_INFO = YES;
				ONLY_ACTIVE_ARCH = YES;
				SDKROOT = macosx;
			};
			name = Debug;
		};
		0E770BBF1C3A7FBF00F68C82 /* Release */ = {
			isa = XCBuildConfiguration;
			buildSettings = {
				ALWAYS_SEARCH_USER_PATHS = NO;
				CLANG_CXX_LANGUAGE_STANDARD = "gnu++0x";
				CLANG_CXX_LIBRARY = "libc++";
				CLANG_ENABLE_MODULES = YES;
				CLANG_ENABLE_OBJC_ARC = YES;
				CLANG_WARN_BOOL_CONVERSION = YES;
				CLANG_WARN_CONSTANT_CONVERSION = YES;
				CLANG_WARN_DIRECT_OBJC_ISA_USAGE = YES_ERROR;
				CLANG_WARN_EMPTY_BODY = YES;
				CLANG_WARN_ENUM_CONVERSION = YES;
				CLANG_WARN_INT_CONVERSION = YES;
				CLANG_WARN_OBJC_ROOT_CLASS = YES_ERROR;
				CLANG_WARN_UNREACHABLE_CODE = YES;
				CLANG_WARN__DUPLICATE_METHOD_MATCH = YES;
				CODE_SIGN_IDENTITY = "-";
				COPY_PHASE_STRIP = NO;
				DEBUG_INFORMATION_FORMAT = "dwarf-with-dsym";
				ENABLE_NS_ASSERTIONS = NO;
				ENABLE_STRICT_OBJC_MSGSEND = YES;
				GCC_C_LANGUAGE_STANDARD = gnu99;
				GCC_NO_COMMON_BLOCKS = YES;
				GCC_WARN_64_TO_32_BIT_CONVERSION = YES;
				GCC_WARN_ABOUT_RETURN_TYPE = YES_ERROR;
				GCC_WARN_UNDECLARED_SELECTOR = YES;
				GCC_WARN_UNINITIALIZED_AUTOS = YES_AGGRESSIVE;
				GCC_WARN_UNUSED_FUNCTION = YES;
				GCC_WARN_UNUSED_VARIABLE = YES;
				MACOSX_DEPLOYMENT_TARGET = 10.11;
				MTL_ENABLE_DEBUG_INFO = NO;
				SDKROOT = macosx;
			};
			name = Release;
		};
		0E770BC11C3A7FBF00F68C82 /* Debug */ = {
			isa = XCBuildConfiguration;
			buildSettings = {
				GCC_OPTIMIZATION_LEVEL = 2;
				GCC_PREPROCESSOR_DEFINITIONS = (
					"DEBUG=1",
					MyHTML_WITH_PERF,
					MyHTML_FORCE_RDTSC,
					"$(inherited)",
				);
				HEADER_SEARCH_PATHS = ../../source;
				PRODUCT_NAME = "$(TARGET_NAME)";
			};
			name = Debug;
		};
		0E770BC21C3A7FBF00F68C82 /* Release */ = {
			isa = XCBuildConfiguration;
			buildSettings = {
				HEADER_SEARCH_PATHS = ../../source;
				PRODUCT_NAME = "$(TARGET_NAME)";
			};
			name = Release;
		};
/* End XCBuildConfiguration section */

/* Begin XCConfigurationList section */
		0E770BB41C3A7FBF00F68C82 /* Build configuration list for PBXProject "osx" */ = {
			isa = XCConfigurationList;
			buildConfigurations = (
				0E770BBE1C3A7FBF00F68C82 /* Debug */,
				0E770BBF1C3A7FBF00F68C82 /* Release */,
			);
			defaultConfigurationIsVisible = 0;
			defaultConfigurationName = Release;
		};
		0E770BC01C3A7FBF00F68C82 /* Build configuration list for PBXNativeTarget "osx" */ = {
			isa = XCConfigurationList;
			buildConfigurations = (
				0E770BC11C3A7FBF00F68C82 /* Debug */,
				0E770BC21C3A7FBF00F68C82 /* Release */,
			);
			defaultConfigurationIsVisible = 0;
			defaultConfigurationName = Release;
		};
/* End XCConfigurationList section */
	};
	rootObject = 0E770BB11C3A7FBF00F68C82 /* Project object */;
}
